
Microsoft Visual Studio Solution File, Format Version 12.00
# Visual Studio Version 17
VisualStudioVersion = 17.5.33627.172
MinimumVisualStudioVersion = 10.0.40219.1
Project("{FAE04EC0-301F-11D3-BF4B-00C04F79EFBC}") = "JuegoPPT", "JuegoPPT\JuegoPPT.csproj", "{13AF7FD5-804E-46E6-A467-66C15434FD9C}"
EndProject
Global
	GlobalSection(SolutionConfigurationPlatforms) = preSolution
		Debug|Any CPU = Debug|Any CPU
		Release|Any CPU = Release|Any CPU
	EndGlobalSection
	GlobalSection(ProjectConfigurationPlatforms) = postSolution
		{13AF7FD5-804E-46E6-A467-66C15434FD9C}.Debug|Any CPU.ActiveCfg = Debug|Any CPU
		{13AF7FD5-804E-46E6-A467-66C15434FD9C}.Debug|Any CPU.Build.0 = Debug|Any CPU
		{13AF7FD5-804E-46E6-A467-66C15434FD9C}.Release|Any CPU.ActiveCfg = Release|Any CPU
		{13AF7FD5-804E-46E6-A467-66C15434FD9C}.Release|Any CPU.Build.0 = Release|Any CPU
	EndGlobalSection
	GlobalSection(SolutionProperties) = preSolution
		HideSolutionNode = FALSE
	EndGlobalSection
	GlobalSection(ExtensibilityGlobals) = postSolution
		SolutionGuid = {86A57FFD-F5FB-48EB-A964-37A2F4E67B09}
	EndGlobalSection
EndGlobal
